<Solution>
  <Folder Name="/src/">
    <Project Path="POS.Api/POS.Api.csproj" />
    <Project Path="POS.Application/POS.Application.csproj" />
    <Project Path="POS.Domain/POS.Domain.csproj" />
    <Project Path="POS.Infraestructure/POS.Infraestructure.csproj" />
    <Project Path="POS.Utilities/POS.Utilities.csproj" />
  </Folder>
  <Folder Name="/tes/">
    <Project Path="POS.Test/POS.Test.csproj" />
  </Folder>
</Solution>
